
Microsoft Visual Studio Solution File, Format Version 12.00
# Visual Studio Version 16
VisualStudioVersion = 16.0.30523.141
MinimumVisualStudioVersion = 10.0.40219.1
Project("{FAE04EC0-301F-11D3-BF4B-00C04F79EFBC}") = "DogRaceAssignment", "DogRaceAssignment.csproj", "{3CECFE73-BBD2-4C2A-B0AB-AD37302A8951}"
EndProject
Project("{FAE04EC0-301F-11D3-BF4B-00C04F79EFBC}") = "DogRaceAssignmentTests", "..\DogRaceAssignmentTests\DogRaceAssignmentTests.csproj", "{30465459-252E-486B-82FD-078911E013E7}"
EndProject
Project("{FAE04EC0-301F-11D3-BF4B-00C04F79EFBC}") = "DogRaceAssignmentTests1", "..\DogRaceAssignmentTests1\DogRaceAssignmentTests1.csproj", "{5C586EA1-D642-4589-A6C5-CE3A027AF176}"
EndProject
Global
	GlobalSection(SolutionConfigurationPlatforms) = preSolution
		Debug|Any CPU = Debug|Any CPU
		Release|Any CPU = Release|Any CPU
	EndGlobalSection
	GlobalSection(ProjectConfigurationPlatforms) = postSolution
		{3CECFE73-BBD2-4C2A-B0AB-AD37302A8951}.Debug|Any CPU.ActiveCfg = Debug|Any CPU
		{3CECFE73-BBD2-4C2A-B0AB-AD37302A8951}.Debug|Any CPU.Build.0 = Debug|Any CPU
		{3CECFE73-BBD2-4C2A-B0AB-AD37302A8951}.Release|Any CPU.ActiveCfg = Release|Any CPU
		{3CECFE73-BBD2-4C2A-B0AB-AD37302A8951}.Release|Any CPU.Build.0 = Release|Any CPU
		{30465459-252E-486B-82FD-078911E013E7}.Debug|Any CPU.ActiveCfg = Debug|Any CPU
		{30465459-252E-486B-82FD-078911E013E7}.Debug|Any CPU.Build.0 = Debug|Any CPU
		{30465459-252E-486B-82FD-078911E013E7}.Release|Any CPU.ActiveCfg = Release|Any CPU
		{30465459-252E-486B-82FD-078911E013E7}.Release|Any CPU.Build.0 = Release|Any CPU
		{5C586EA1-D642-4589-A6C5-CE3A027AF176}.Debug|Any CPU.ActiveCfg = Debug|Any CPU
		{5C586EA1-D642-4589-A6C5-CE3A027AF176}.Debug|Any CPU.Build.0 = Debug|Any CPU
		{5C586EA1-D642-4589-A6C5-CE3A027AF176}.Release|Any CPU.ActiveCfg = Release|Any CPU
		{5C586EA1-D642-4589-A6C5-CE3A027AF176}.Release|Any CPU.Build.0 = Release|Any CPU
	EndGlobalSection
	GlobalSection(SolutionProperties) = preSolution
		HideSolutionNode = FALSE
	EndGlobalSection
	GlobalSection(ExtensibilityGlobals) = postSolution
		SolutionGuid = {663A0102-8596-4A7B-9579-AB98503E911A}
	EndGlobalSection
EndGlobal
